
Microsoft Visual Studio Solution File, Format Version 12.00
# Visual Studio 15
VisualStudioVersion = 15.0.28307.902
MinimumVisualStudioVersion = 10.0.40219.1
Project("{FAE04EC0-301F-11D3-BF4B-00C04F79EFBC}") = "AspNetMvcTestTask", "AspNetMvcTestTask\AspNetMvcTestTask.csproj", "{38742B7D-9804-4E8F-BC63-DEEFB22C90BE}"
EndProject
Global
	GlobalSection(SolutionConfigurationPlatforms) = preSolution
		Debug|Any CPU = Debug|Any CPU
		Release|Any CPU = Release|Any CPU
	EndGlobalSection
	GlobalSection(ProjectConfigurationPlatforms) = postSolution
		{38742B7D-9804-4E8F-BC63-DEEFB22C90BE}.Debug|Any CPU.ActiveCfg = Debug|Any CPU
		{38742B7D-9804-4E8F-BC63-DEEFB22C90BE}.Debug|Any CPU.Build.0 = Debug|Any CPU
		{38742B7D-9804-4E8F-BC63-DEEFB22C90BE}.Release|Any CPU.ActiveCfg = Release|Any CPU
		{38742B7D-9804-4E8F-BC63-DEEFB22C90BE}.Release|Any CPU.Build.0 = Release|Any CPU
	EndGlobalSection
	GlobalSection(SolutionProperties) = preSolution
		HideSolutionNode = FALSE
	EndGlobalSection
	GlobalSection(ExtensibilityGlobals) = postSolution
		SolutionGuid = {55E5628C-1016-4532-A767-8DD91F931292}
	EndGlobalSection
EndGlobal
